
Microsoft Visual Studio Solution File, Format Version 12.00
# Visual Studio Version 16
VisualStudioVersion = 16.0.31911.196
MinimumVisualStudioVersion = 10.0.40219.1
Project("{2150E333-8FDC-42A3-9474-1A3956D46DE8}") = "API", "API", "{C788D721-A173-4830-BF4A-8BC0C7D67D6D}"
EndProject
Project("{2150E333-8FDC-42A3-9474-1A3956D46DE8}") = "BLL", "BLL", "{AFF87D0B-B8BC-4AED-A18C-8402D65D1BFD}"
EndProject
Project("{2150E333-8FDC-42A3-9474-1A3956D46DE8}") = "DAL", "DAL", "{1CD35ABD-6903-47AB-8608-B81261E4970D}"
EndProject
Project("{2150E333-8FDC-42A3-9474-1A3956D46DE8}") = "Model", "Model", "{3E80120B-E06F-4D00-B244-76F76EC495D5}"
EndProject
Project("{2150E333-8FDC-42A3-9474-1A3956D46DE8}") = "Base", "Base", "{A2EC36B1-D5F9-4EEF-AA74-312F2319F420}"
EndProject
Project("{FAE04EC0-301F-11D3-BF4B-00C04F79EFBC}") = "White.Model", "White.Model\White.Model.csproj", "{816DCA03-70D4-4D2E-8016-407C5985F24B}"
EndProject
Project("{FAE04EC0-301F-11D3-BF4B-00C04F79EFBC}") = "White.DAL", "White.DAL\White.DAL.csproj", "{FAA289D3-5914-4BD1-8B14-B88FA3822CEC}"
EndProject
Project("{FAE04EC0-301F-11D3-BF4B-00C04F79EFBC}") = "White.BLL", "White.BLL\White.BLL.csproj", "{A3FA363A-D6AB-4501-A34B-DB595475A60E}"
EndProject
Project("{FAE04EC0-301F-11D3-BF4B-00C04F79EFBC}") = "White.Admin", "White.Admin\White.Admin.csproj", "{FEE2DA38-1ED2-4D55-A5EE-3F1A034872BC}"
EndProject
Project("{FAE04EC0-301F-11D3-BF4B-00C04F79EFBC}") = "White.Common", "White.Common\White.Common.csproj", "{26703689-DD02-4DB5-849D-3F9ED6C47F1C}"
EndProject
Project("{FAE04EC0-301F-11D3-BF4B-00C04F79EFBC}") = "White.Base", "White.Base\White.Base.csproj", "{B6C8398A-40E8-4210-A133-A570D1EB8D28}"
EndProject
Project("{FAE04EC0-301F-11D3-BF4B-00C04F79EFBC}") = "White.JX3", "White.JX3\White.JX3.csproj", "{79DF938F-2759-4C7B-B999-5070C9E589F1}"
EndProject
Project("{FAE04EC0-301F-11D3-BF4B-00C04F79EFBC}") = "Demo", "Demo\Demo.csproj", "{5E84F92A-49F7-400D-97CF-370214DB8D69}"
EndProject
Project("{2150E333-8FDC-42A3-9474-1A3956D46DE8}") = "MVC", "MVC", "{3DC27D3C-A86F-48E9-9373-7AEC6271B945}"
EndProject
Project("{2150E333-8FDC-42A3-9474-1A3956D46DE8}") = "WPF", "WPF", "{60238D47-5F5B-41F5-9815-CFBB389F8D89}"
EndProject
Project("{FAE04EC0-301F-11D3-BF4B-00C04F79EFBC}") = "WhiteWpf", "WhiteWpf\WhiteWpf.csproj", "{EB8C084B-8A09-4CE8-9FA1-CE5A4E927465}"
EndProject
Project("{FAE04EC0-301F-11D3-BF4B-00C04F79EFBC}") = "White.WebApi", "White.WebApi\White.WebApi.csproj", "{206CE346-2D2F-41AB-8ECC-F6654E5B4CCA}"
EndProject
Project("{2150E333-8FDC-42A3-9474-1A3956D46DE8}") = "WinForm", "WinForm", "{D6CF3C24-B5DD-40BE-82EE-E02D75D30091}"
EndProject
Project("{FAE04EC0-301F-11D3-BF4B-00C04F79EFBC}") = "White.WinForm", "White.WinForm\White.WinForm.csproj", "{8E35F75B-FB30-4C0D-B635-008C104DDA6E}"
EndProject
Global
	GlobalSection(SolutionConfigurationPlatforms) = preSolution
		Debug|Any CPU = Debug|Any CPU
		Release|Any CPU = Release|Any CPU
	EndGlobalSection
	GlobalSection(ProjectConfigurationPlatforms) = postSolution
		{816DCA03-70D4-4D2E-8016-407C5985F24B}.Debug|Any CPU.ActiveCfg = Debug|Any CPU
		{816DCA03-70D4-4D2E-8016-407C5985F24B}.Debug|Any CPU.Build.0 = Debug|Any CPU
		{816DCA03-70D4-4D2E-8016-407C5985F24B}.Release|Any CPU.ActiveCfg = Release|Any CPU
		{816DCA03-70D4-4D2E-8016-407C5985F24B}.Release|Any CPU.Build.0 = Release|Any CPU
		{FAA289D3-5914-4BD1-8B14-B88FA3822CEC}.Debug|Any CPU.ActiveCfg = Debug|Any CPU
		{FAA289D3-5914-4BD1-8B14-B88FA3822CEC}.Debug|Any CPU.Build.0 = Debug|Any CPU
		{FAA289D3-5914-4BD1-8B14-B88FA3822CEC}.Release|Any CPU.ActiveCfg = Release|Any CPU
		{FAA289D3-5914-4BD1-8B14-B88FA3822CEC}.Release|Any CPU.Build.0 = Release|Any CPU
		{A3FA363A-D6AB-4501-A34B-DB595475A60E}.Debug|Any CPU.ActiveCfg = Debug|Any CPU
		{A3FA363A-D6AB-4501-A34B-DB595475A60E}.Debug|Any CPU.Build.0 = Debug|Any CPU
		{A3FA363A-D6AB-4501-A34B-DB595475A60E}.Release|Any CPU.ActiveCfg = Release|Any CPU
		{A3FA363A-D6AB-4501-A34B-DB595475A60E}.Release|Any CPU.Build.0 = Release|Any CPU
		{FEE2DA38-1ED2-4D55-A5EE-3F1A034872BC}.Debug|Any CPU.ActiveCfg = Debug|Any CPU
		{FEE2DA38-1ED2-4D55-A5EE-3F1A034872BC}.Debug|Any CPU.Build.0 = Debug|Any CPU
		{FEE2DA38-1ED2-4D55-A5EE-3F1A034872BC}.Release|Any CPU.ActiveCfg = Release|Any CPU
		{FEE2DA38-1ED2-4D55-A5EE-3F1A034872BC}.Release|Any CPU.Build.0 = Release|Any CPU
		{26703689-DD02-4DB5-849D-3F9ED6C47F1C}.Debug|Any CPU.ActiveCfg = Debug|Any CPU
		{26703689-DD02-4DB5-849D-3F9ED6C47F1C}.Debug|Any CPU.Build.0 = Debug|Any CPU
		{26703689-DD02-4DB5-849D-3F9ED6C47F1C}.Release|Any CPU.ActiveCfg = Release|Any CPU
		{26703689-DD02-4DB5-849D-3F9ED6C47F1C}.Release|Any CPU.Build.0 = Release|Any CPU
		{B6C8398A-40E8-4210-A133-A570D1EB8D28}.Debug|Any CPU.ActiveCfg = Debug|Any CPU
		{B6C8398A-40E8-4210-A133-A570D1EB8D28}.Debug|Any CPU.Build.0 = Debug|Any CPU
		{B6C8398A-40E8-4210-A133-A570D1EB8D28}.Release|Any CPU.ActiveCfg = Release|Any CPU
		{B6C8398A-40E8-4210-A133-A570D1EB8D28}.Release|Any CPU.Build.0 = Release|Any CPU
		{79DF938F-2759-4C7B-B999-5070C9E589F1}.Debug|Any CPU.ActiveCfg = Debug|Any CPU
		{79DF938F-2759-4C7B-B999-5070C9E589F1}.Debug|Any CPU.Build.0 = Debug|Any CPU
		{79DF938F-2759-4C7B-B999-5070C9E589F1}.Release|Any CPU.ActiveCfg = Release|Any CPU
		{79DF938F-2759-4C7B-B999-5070C9E589F1}.Release|Any CPU.Build.0 = Release|Any CPU
		{5E84F92A-49F7-400D-97CF-370214DB8D69}.Debug|Any CPU.ActiveCfg = Debug|Any CPU
		{5E84F92A-49F7-400D-97CF-370214DB8D69}.Debug|Any CPU.Build.0 = Debug|Any CPU
		{5E84F92A-49F7-400D-97CF-370214DB8D69}.Release|Any CPU.ActiveCfg = Release|Any CPU
		{5E84F92A-49F7-400D-97CF-370214DB8D69}.Release|Any CPU.Build.0 = Release|Any CPU
		{EB8C084B-8A09-4CE8-9FA1-CE5A4E927465}.Debug|Any CPU.ActiveCfg = Debug|Any CPU
		{EB8C084B-8A09-4CE8-9FA1-CE5A4E927465}.Debug|Any CPU.Build.0 = Debug|Any CPU
		{EB8C084B-8A09-4CE8-9FA1-CE5A4E927465}.Release|Any CPU.ActiveCfg = Release|Any CPU
		{EB8C084B-8A09-4CE8-9FA1-CE5A4E927465}.Release|Any CPU.Build.0 = Release|Any CPU
		{206CE346-2D2F-41AB-8ECC-F6654E5B4CCA}.Debug|Any CPU.ActiveCfg = Debug|Any CPU
		{206CE346-2D2F-41AB-8ECC-F6654E5B4CCA}.Debug|Any CPU.Build.0 = Debug|Any CPU
		{206CE346-2D2F-41AB-8ECC-F6654E5B4CCA}.Release|Any CPU.ActiveCfg = Release|Any CPU
		{206CE346-2D2F-41AB-8ECC-F6654E5B4CCA}.Release|Any CPU.Build.0 = Release|Any CPU
		{8E35F75B-FB30-4C0D-B635-008C104DDA6E}.Debug|Any CPU.ActiveCfg = Debug|Any CPU
		{8E35F75B-FB30-4C0D-B635-008C104DDA6E}.Debug|Any CPU.Build.0 = Debug|Any CPU
		{8E35F75B-FB30-4C0D-B635-008C104DDA6E}.Release|Any CPU.ActiveCfg = Release|Any CPU
		{8E35F75B-FB30-4C0D-B635-008C104DDA6E}.Release|Any CPU.Build.0 = Release|Any CPU
	EndGlobalSection
	GlobalSection(SolutionProperties) = preSolution
		HideSolutionNode = FALSE
	EndGlobalSection
	GlobalSection(NestedProjects) = preSolution
		{C788D721-A173-4830-BF4A-8BC0C7D67D6D} = {3DC27D3C-A86F-48E9-9373-7AEC6271B945}
		{AFF87D0B-B8BC-4AED-A18C-8402D65D1BFD} = {3DC27D3C-A86F-48E9-9373-7AEC6271B945}
		{1CD35ABD-6903-47AB-8608-B81261E4970D} = {3DC27D3C-A86F-48E9-9373-7AEC6271B945}
		{3E80120B-E06F-4D00-B244-76F76EC495D5} = {3DC27D3C-A86F-48E9-9373-7AEC6271B945}
		{A2EC36B1-D5F9-4EEF-AA74-312F2319F420} = {3DC27D3C-A86F-48E9-9373-7AEC6271B945}
		{816DCA03-70D4-4D2E-8016-407C5985F24B} = {3E80120B-E06F-4D00-B244-76F76EC495D5}
		{FAA289D3-5914-4BD1-8B14-B88FA3822CEC} = {1CD35ABD-6903-47AB-8608-B81261E4970D}
		{A3FA363A-D6AB-4501-A34B-DB595475A60E} = {AFF87D0B-B8BC-4AED-A18C-8402D65D1BFD}
		{FEE2DA38-1ED2-4D55-A5EE-3F1A034872BC} = {C788D721-A173-4830-BF4A-8BC0C7D67D6D}
		{26703689-DD02-4DB5-849D-3F9ED6C47F1C} = {A2EC36B1-D5F9-4EEF-AA74-312F2319F420}
		{B6C8398A-40E8-4210-A133-A570D1EB8D28} = {A2EC36B1-D5F9-4EEF-AA74-312F2319F420}
		{79DF938F-2759-4C7B-B999-5070C9E589F1} = {C788D721-A173-4830-BF4A-8BC0C7D67D6D}
		{5E84F92A-49F7-400D-97CF-370214DB8D69} = {C788D721-A173-4830-BF4A-8BC0C7D67D6D}
		{EB8C084B-8A09-4CE8-9FA1-CE5A4E927465} = {60238D47-5F5B-41F5-9815-CFBB389F8D89}
		{206CE346-2D2F-41AB-8ECC-F6654E5B4CCA} = {C788D721-A173-4830-BF4A-8BC0C7D67D6D}
		{8E35F75B-FB30-4C0D-B635-008C104DDA6E} = {D6CF3C24-B5DD-40BE-82EE-E02D75D30091}
	EndGlobalSection
	GlobalSection(ExtensibilityGlobals) = postSolution
		SolutionGuid = {975772DB-AE42-4288-9C7D-F294DCF56DD1}
	EndGlobalSection
EndGlobal
